
Microsoft Visual Studio Solution File, Format Version 12.00
# Visual Studio Version 17
VisualStudioVersion = 17.5.33516.290
MinimumVisualStudioVersion = 10.0.40219.1
Project("{FAE04EC0-301F-11D3-BF4B-00C04F79EFBC}") = "poly_2", "poly_2\poly_2.csproj", "{B782B5C8-8E31-48DF-86B3-35EA0C814277}"
EndProject
Global
	GlobalSection(SolutionConfigurationPlatforms) = preSolution
		Debug|Any CPU = Debug|Any CPU
		Release|Any CPU = Release|Any CPU
	EndGlobalSection
	GlobalSection(ProjectConfigurationPlatforms) = postSolution
		{B782B5C8-8E31-48DF-86B3-35EA0C814277}.Debug|Any CPU.ActiveCfg = Debug|Any CPU
		{B782B5C8-8E31-48DF-86B3-35EA0C814277}.Debug|Any CPU.Build.0 = Debug|Any CPU
		{B782B5C8-8E31-48DF-86B3-35EA0C814277}.Release|Any CPU.ActiveCfg = Release|Any CPU
		{B782B5C8-8E31-48DF-86B3-35EA0C814277}.Release|Any CPU.Build.0 = Release|Any CPU
	EndGlobalSection
	GlobalSection(SolutionProperties) = preSolution
		HideSolutionNode = FALSE
	EndGlobalSection
	GlobalSection(ExtensibilityGlobals) = postSolution
		SolutionGuid = {9AD7939D-43DB-478E-B92E-884CF7BA9AFF}
	EndGlobalSection
EndGlobal
