
Microsoft Visual Studio Solution File, Format Version 12.00
# Visual Studio Version 17
VisualStudioVersion = 17.5.33516.290
MinimumVisualStudioVersion = 10.0.40219.1
Project("{FAE04EC0-301F-11D3-BF4B-00C04F79EFBC}") = "Sheet_2_Q2", "Sheet_2_Q2\Sheet_2_Q2.csproj", "{9CBF72DA-51BD-4EB7-A38F-01E093182024}"
EndProject
Global
	GlobalSection(SolutionConfigurationPlatforms) = preSolution
		Debug|Any CPU = Debug|Any CPU
		Release|Any CPU = Release|Any CPU
	EndGlobalSection
	GlobalSection(ProjectConfigurationPlatforms) = postSolution
		{9CBF72DA-51BD-4EB7-A38F-01E093182024}.Debug|Any CPU.ActiveCfg = Debug|Any CPU
		{9CBF72DA-51BD-4EB7-A38F-01E093182024}.Debug|Any CPU.Build.0 = Debug|Any CPU
		{9CBF72DA-51BD-4EB7-A38F-01E093182024}.Release|Any CPU.ActiveCfg = Release|Any CPU
		{9CBF72DA-51BD-4EB7-A38F-01E093182024}.Release|Any CPU.Build.0 = Release|Any CPU
	EndGlobalSection
	GlobalSection(SolutionProperties) = preSolution
		HideSolutionNode = FALSE
	EndGlobalSection
	GlobalSection(ExtensibilityGlobals) = postSolution
		SolutionGuid = {345BC325-88A1-49A9-9E09-8337DB185281}
	EndGlobalSection
EndGlobal
