
Microsoft Visual Studio Solution File, Format Version 12.00
# Visual Studio Version 17
VisualStudioVersion = 17.5.33516.290
MinimumVisualStudioVersion = 10.0.40219.1
Project("{FAE04EC0-301F-11D3-BF4B-00C04F79EFBC}") = "inheritance_1", "inheritance_1\inheritance_1.csproj", "{C7D959F0-1396-42EE-B42E-35CA9BD616B2}"
EndProject
Global
	GlobalSection(SolutionConfigurationPlatforms) = preSolution
		Debug|Any CPU = Debug|Any CPU
		Release|Any CPU = Release|Any CPU
	EndGlobalSection
	GlobalSection(ProjectConfigurationPlatforms) = postSolution
		{C7D959F0-1396-42EE-B42E-35CA9BD616B2}.Debug|Any CPU.ActiveCfg = Debug|Any CPU
		{C7D959F0-1396-42EE-B42E-35CA9BD616B2}.Debug|Any CPU.Build.0 = Debug|Any CPU
		{C7D959F0-1396-42EE-B42E-35CA9BD616B2}.Release|Any CPU.ActiveCfg = Release|Any CPU
		{C7D959F0-1396-42EE-B42E-35CA9BD616B2}.Release|Any CPU.Build.0 = Release|Any CPU
	EndGlobalSection
	GlobalSection(SolutionProperties) = preSolution
		HideSolutionNode = FALSE
	EndGlobalSection
	GlobalSection(ExtensibilityGlobals) = postSolution
		SolutionGuid = {CF53080F-201E-4A70-AA13-184A89CE7BA5}
	EndGlobalSection
EndGlobal
