
Microsoft Visual Studio Solution File, Format Version 12.00
# Visual Studio Version 17
VisualStudioVersion = 17.5.33516.290
MinimumVisualStudioVersion = 10.0.40219.1
Project("{FAE04EC0-301F-11D3-BF4B-00C04F79EFBC}") = "cylinder", "cylinder\cylinder.csproj", "{F4881789-E2C1-41AD-9621-4C5859709ACA}"
EndProject
Global
	GlobalSection(SolutionConfigurationPlatforms) = preSolution
		Debug|Any CPU = Debug|Any CPU
		Release|Any CPU = Release|Any CPU
	EndGlobalSection
	GlobalSection(ProjectConfigurationPlatforms) = postSolution
		{F4881789-E2C1-41AD-9621-4C5859709ACA}.Debug|Any CPU.ActiveCfg = Debug|Any CPU
		{F4881789-E2C1-41AD-9621-4C5859709ACA}.Debug|Any CPU.Build.0 = Debug|Any CPU
		{F4881789-E2C1-41AD-9621-4C5859709ACA}.Release|Any CPU.ActiveCfg = Release|Any CPU
		{F4881789-E2C1-41AD-9621-4C5859709ACA}.Release|Any CPU.Build.0 = Release|Any CPU
	EndGlobalSection
	GlobalSection(SolutionProperties) = preSolution
		HideSolutionNode = FALSE
	EndGlobalSection
	GlobalSection(ExtensibilityGlobals) = postSolution
		SolutionGuid = {B9E4329F-0002-47DE-86B2-0DB340BC6302}
	EndGlobalSection
EndGlobal
